
Microsoft Visual Studio Solution File, Format Version 12.00
# Visual Studio 15
VisualStudioVersion = 15.0.27703.2035
MinimumVisualStudioVersion = 10.0.40219.1
Project("{FAE04EC0-301F-11D3-BF4B-00C04F79EFBC}") = "LearnApp.Android", "LearnApp\LearnApp.Android\LearnApp.Android.csproj", "{EBF828F7-2CFB-4E7B-A71A-D690C34C012F}"
EndProject
Project("{FAE04EC0-301F-11D3-BF4B-00C04F79EFBC}") = "LearnApp.iOS", "LearnApp\LearnApp.iOS\LearnApp.iOS.csproj", "{3D746861-4D46-4792-96FA-52A130DAADF6}"
EndProject
Project("{9A19103F-16F7-4668-BE54-9A1E7A4F7556}") = "LearnApp", "LearnApp\LearnApp\LearnApp.csproj", "{AEE0ADC5-40F5-46EE-B1CF-3526E0D6B418}"
EndProject
Project("{FAE04EC0-301F-11D3-BF4B-00C04F79EFBC}") = "LearnApp.UnitTests", "LearnApp.UnitTests\LearnApp.UnitTests.csproj", "{545C5EC6-44DD-4BD1-A8B6-C0800C4F1AE8}"
EndProject
Project("{FAE04EC0-301F-11D3-BF4B-00C04F79EFBC}") = "LearnApp.AutomatedUITests", "LearnApp.AutomatedUITests\LearnApp.AutomatedUITests.csproj", "{B19C892E-2628-4CA7-AD27-08D406A3B14B}"
EndProject
Global
	GlobalSection(SolutionConfigurationPlatforms) = preSolution
		Ad-Hoc|Any CPU = Ad-Hoc|Any CPU
		Ad-Hoc|iPhone = Ad-Hoc|iPhone
		Ad-Hoc|iPhoneSimulator = Ad-Hoc|iPhoneSimulator
		AppStore|Any CPU = AppStore|Any CPU
		AppStore|iPhone = AppStore|iPhone
		AppStore|iPhoneSimulator = AppStore|iPhoneSimulator
		Debug|Any CPU = Debug|Any CPU
		Debug|iPhone = Debug|iPhone
		Debug|iPhoneSimulator = Debug|iPhoneSimulator
		Release|Any CPU = Release|Any CPU
		Release|iPhone = Release|iPhone
		Release|iPhoneSimulator = Release|iPhoneSimulator
	EndGlobalSection
	GlobalSection(ProjectConfigurationPlatforms) = postSolution
		{EBF828F7-2CFB-4E7B-A71A-D690C34C012F}.Ad-Hoc|Any CPU.ActiveCfg = Release|Any CPU
		{EBF828F7-2CFB-4E7B-A71A-D690C34C012F}.Ad-Hoc|Any CPU.Build.0 = Release|Any CPU
		{EBF828F7-2CFB-4E7B-A71A-D690C34C012F}.Ad-Hoc|Any CPU.Deploy.0 = Release|Any CPU
		{EBF828F7-2CFB-4E7B-A71A-D690C34C012F}.Ad-Hoc|iPhone.ActiveCfg = Release|Any CPU
		{EBF828F7-2CFB-4E7B-A71A-D690C34C012F}.Ad-Hoc|iPhone.Build.0 = Release|Any CPU
		{EBF828F7-2CFB-4E7B-A71A-D690C34C012F}.Ad-Hoc|iPhone.Deploy.0 = Release|Any CPU
		{EBF828F7-2CFB-4E7B-A71A-D690C34C012F}.Ad-Hoc|iPhoneSimulator.ActiveCfg = Release|Any CPU
		{EBF828F7-2CFB-4E7B-A71A-D690C34C012F}.Ad-Hoc|iPhoneSimulator.Build.0 = Release|Any CPU
		{EBF828F7-2CFB-4E7B-A71A-D690C34C012F}.Ad-Hoc|iPhoneSimulator.Deploy.0 = Release|Any CPU
		{EBF828F7-2CFB-4E7B-A71A-D690C34C012F}.AppStore|Any CPU.ActiveCfg = Release|Any CPU
		{EBF828F7-2CFB-4E7B-A71A-D690C34C012F}.AppStore|Any CPU.Build.0 = Release|Any CPU
		{EBF828F7-2CFB-4E7B-A71A-D690C34C012F}.AppStore|Any CPU.Deploy.0 = Release|Any CPU
		{EBF828F7-2CFB-4E7B-A71A-D690C34C012F}.AppStore|iPhone.ActiveCfg = Release|Any CPU
		{EBF828F7-2CFB-4E7B-A71A-D690C34C012F}.AppStore|iPhone.Build.0 = Release|Any CPU
		{EBF828F7-2CFB-4E7B-A71A-D690C34C012F}.AppStore|iPhone.Deploy.0 = Release|Any CPU
		{EBF828F7-2CFB-4E7B-A71A-D690C34C012F}.AppStore|iPhoneSimulator.ActiveCfg = Release|Any CPU
		{EBF828F7-2CFB-4E7B-A71A-D690C34C012F}.AppStore|iPhoneSimulator.Build.0 = Release|Any CPU
		{EBF828F7-2CFB-4E7B-A71A-D690C34C012F}.AppStore|iPhoneSimulator.Deploy.0 = Release|Any CPU
		{EBF828F7-2CFB-4E7B-A71A-D690C34C012F}.Debug|Any CPU.ActiveCfg = Debug|Any CPU
		{EBF828F7-2CFB-4E7B-A71A-D690C34C012F}.Debug|Any CPU.Build.0 = Debug|Any CPU
		{EBF828F7-2CFB-4E7B-A71A-D690C34C012F}.Debug|Any CPU.Deploy.0 = Debug|Any CPU
		{EBF828F7-2CFB-4E7B-A71A-D690C34C012F}.Debug|iPhone.ActiveCfg = Debug|Any CPU
		{EBF828F7-2CFB-4E7B-A71A-D690C34C012F}.Debug|iPhone.Build.0 = Debug|Any CPU
		{EBF828F7-2CFB-4E7B-A71A-D690C34C012F}.Debug|iPhone.Deploy.0 = Debug|Any CPU
		{EBF828F7-2CFB-4E7B-A71A-D690C34C012F}.Debug|iPhoneSimulator.ActiveCfg = Debug|Any CPU
		{EBF828F7-2CFB-4E7B-A71A-D690C34C012F}.Debug|iPhoneSimulator.Build.0 = Debug|Any CPU
		{EBF828F7-2CFB-4E7B-A71A-D690C34C012F}.Debug|iPhoneSimulator.Deploy.0 = Debug|Any CPU
		{EBF828F7-2CFB-4E7B-A71A-D690C34C012F}.Release|Any CPU.ActiveCfg = Release|Any CPU
		{EBF828F7-2CFB-4E7B-A71A-D690C34C012F}.Release|Any CPU.Build.0 = Release|Any CPU
		{EBF828F7-2CFB-4E7B-A71A-D690C34C012F}.Release|Any CPU.Deploy.0 = Release|Any CPU
		{EBF828F7-2CFB-4E7B-A71A-D690C34C012F}.Release|iPhone.ActiveCfg = Release|Any CPU
		{EBF828F7-2CFB-4E7B-A71A-D690C34C012F}.Release|iPhone.Build.0 = Release|Any CPU
		{EBF828F7-2CFB-4E7B-A71A-D690C34C012F}.Release|iPhone.Deploy.0 = Release|Any CPU
		{EBF828F7-2CFB-4E7B-A71A-D690C34C012F}.Release|iPhoneSimulator.ActiveCfg = Release|Any CPU
		{EBF828F7-2CFB-4E7B-A71A-D690C34C012F}.Release|iPhoneSimulator.Build.0 = Release|Any CPU
		{EBF828F7-2CFB-4E7B-A71A-D690C34C012F}.Release|iPhoneSimulator.Deploy.0 = Release|Any CPU
		{3D746861-4D46-4792-96FA-52A130DAADF6}.Ad-Hoc|Any CPU.ActiveCfg = Ad-Hoc|iPhone
		{3D746861-4D46-4792-96FA-52A130DAADF6}.Ad-Hoc|Any CPU.Build.0 = Ad-Hoc|iPhone
		{3D746861-4D46-4792-96FA-52A130DAADF6}.Ad-Hoc|Any CPU.Deploy.0 = Ad-Hoc|iPhone
		{3D746861-4D46-4792-96FA-52A130DAADF6}.Ad-Hoc|iPhone.ActiveCfg = Ad-Hoc|iPhone
		{3D746861-4D46-4792-96FA-52A130DAADF6}.Ad-Hoc|iPhone.Build.0 = Ad-Hoc|iPhone
		{3D746861-4D46-4792-96FA-52A130DAADF6}.Ad-Hoc|iPhone.Deploy.0 = Ad-Hoc|iPhone
		{3D746861-4D46-4792-96FA-52A130DAADF6}.Ad-Hoc|iPhoneSimulator.ActiveCfg = Ad-Hoc|iPhoneSimulator
		{3D746861-4D46-4792-96FA-52A130DAADF6}.Ad-Hoc|iPhoneSimulator.Build.0 = Ad-Hoc|iPhoneSimulator
		{3D746861-4D46-4792-96FA-52A130DAADF6}.Ad-Hoc|iPhoneSimulator.Deploy.0 = Ad-Hoc|iPhoneSimulator
		{3D746861-4D46-4792-96FA-52A130DAADF6}.AppStore|Any CPU.ActiveCfg = AppStore|iPhone
		{3D746861-4D46-4792-96FA-52A130DAADF6}.AppStore|Any CPU.Build.0 = AppStore|iPhone
		{3D746861-4D46-4792-96FA-52A130DAADF6}.AppStore|Any CPU.Deploy.0 = AppStore|iPhone
		{3D746861-4D46-4792-96FA-52A130DAADF6}.AppStore|iPhone.ActiveCfg = AppStore|iPhone
		{3D746861-4D46-4792-96FA-52A130DAADF6}.AppStore|iPhone.Build.0 = AppStore|iPhone
		{3D746861-4D46-4792-96FA-52A130DAADF6}.AppStore|iPhone.Deploy.0 = AppStore|iPhone
		{3D746861-4D46-4792-96FA-52A130DAADF6}.AppStore|iPhoneSimulator.ActiveCfg = AppStore|iPhoneSimulator
		{3D746861-4D46-4792-96FA-52A130DAADF6}.AppStore|iPhoneSimulator.Build.0 = AppStore|iPhoneSimulator
		{3D746861-4D46-4792-96FA-52A130DAADF6}.AppStore|iPhoneSimulator.Deploy.0 = AppStore|iPhoneSimulator
		{3D746861-4D46-4792-96FA-52A130DAADF6}.Debug|Any CPU.ActiveCfg = Debug|iPhoneSimulator
		{3D746861-4D46-4792-96FA-52A130DAADF6}.Debug|Any CPU.Build.0 = Debug|iPhoneSimulator
		{3D746861-4D46-4792-96FA-52A130DAADF6}.Debug|Any CPU.Deploy.0 = Debug|iPhoneSimulator
		{3D746861-4D46-4792-96FA-52A130DAADF6}.Debug|iPhone.ActiveCfg = Debug|iPhone
		{3D746861-4D46-4792-96FA-52A130DAADF6}.Debug|iPhone.Build.0 = Debug|iPhone
		{3D746861-4D46-4792-96FA-52A130DAADF6}.Debug|iPhone.Deploy.0 = Debug|iPhone
		{3D746861-4D46-4792-96FA-52A130DAADF6}.Debug|iPhoneSimulator.ActiveCfg = Debug|iPhoneSimulator
		{3D746861-4D46-4792-96FA-52A130DAADF6}.Debug|iPhoneSimulator.Build.0 = Debug|iPhoneSimulator
		{3D746861-4D46-4792-96FA-52A130DAADF6}.Debug|iPhoneSimulator.Deploy.0 = Debug|iPhoneSimulator
		{3D746861-4D46-4792-96FA-52A130DAADF6}.Release|Any CPU.ActiveCfg = Release|iPhone
		{3D746861-4D46-4792-96FA-52A130DAADF6}.Release|Any CPU.Build.0 = Release|iPhone
		{3D746861-4D46-4792-96FA-52A130DAADF6}.Release|Any CPU.Deploy.0 = Release|iPhone
		{3D746861-4D46-4792-96FA-52A130DAADF6}.Release|iPhone.ActiveCfg = Release|iPhone
		{3D746861-4D46-4792-96FA-52A130DAADF6}.Release|iPhone.Build.0 = Release|iPhone
		{3D746861-4D46-4792-96FA-52A130DAADF6}.Release|iPhone.Deploy.0 = Release|iPhone
		{3D746861-4D46-4792-96FA-52A130DAADF6}.Release|iPhoneSimulator.ActiveCfg = Release|iPhoneSimulator
		{3D746861-4D46-4792-96FA-52A130DAADF6}.Release|iPhoneSimulator.Build.0 = Release|iPhoneSimulator
		{3D746861-4D46-4792-96FA-52A130DAADF6}.Release|iPhoneSimulator.Deploy.0 = Release|iPhoneSimulator
		{AEE0ADC5-40F5-46EE-B1CF-3526E0D6B418}.Ad-Hoc|Any CPU.ActiveCfg = Debug|Any CPU
		{AEE0ADC5-40F5-46EE-B1CF-3526E0D6B418}.Ad-Hoc|Any CPU.Build.0 = Debug|Any CPU
		{AEE0ADC5-40F5-46EE-B1CF-3526E0D6B418}.Ad-Hoc|Any CPU.Deploy.0 = Debug|Any CPU
		{AEE0ADC5-40F5-46EE-B1CF-3526E0D6B418}.Ad-Hoc|iPhone.ActiveCfg = Debug|Any CPU
		{AEE0ADC5-40F5-46EE-B1CF-3526E0D6B418}.Ad-Hoc|iPhone.Build.0 = Debug|Any CPU
		{AEE0ADC5-40F5-46EE-B1CF-3526E0D6B418}.Ad-Hoc|iPhone.Deploy.0 = Debug|Any CPU
		{AEE0ADC5-40F5-46EE-B1CF-3526E0D6B418}.Ad-Hoc|iPhoneSimulator.ActiveCfg = Debug|Any CPU
		{AEE0ADC5-40F5-46EE-B1CF-3526E0D6B418}.Ad-Hoc|iPhoneSimulator.Build.0 = Debug|Any CPU
		{AEE0ADC5-40F5-46EE-B1CF-3526E0D6B418}.Ad-Hoc|iPhoneSimulator.Deploy.0 = Debug|Any CPU
		{AEE0ADC5-40F5-46EE-B1CF-3526E0D6B418}.AppStore|Any CPU.ActiveCfg = Debug|Any CPU
		{AEE0ADC5-40F5-46EE-B1CF-3526E0D6B418}.AppStore|Any CPU.Build.0 = Debug|Any CPU
		{AEE0ADC5-40F5-46EE-B1CF-3526E0D6B418}.AppStore|Any CPU.Deploy.0 = Debug|Any CPU
		{AEE0ADC5-40F5-46EE-B1CF-3526E0D6B418}.AppStore|iPhone.ActiveCfg = Debug|Any CPU
		{AEE0ADC5-40F5-46EE-B1CF-3526E0D6B418}.AppStore|iPhone.Build.0 = Debug|Any CPU
		{AEE0ADC5-40F5-46EE-B1CF-3526E0D6B418}.AppStore|iPhone.Deploy.0 = Debug|Any CPU
		{AEE0ADC5-40F5-46EE-B1CF-3526E0D6B418}.AppStore|iPhoneSimulator.ActiveCfg = Debug|Any CPU
		{AEE0ADC5-40F5-46EE-B1CF-3526E0D6B418}.AppStore|iPhoneSimulator.Build.0 = Debug|Any CPU
		{AEE0ADC5-40F5-46EE-B1CF-3526E0D6B418}.AppStore|iPhoneSimulator.Deploy.0 = Debug|Any CPU
		{AEE0ADC5-40F5-46EE-B1CF-3526E0D6B418}.Debug|Any CPU.ActiveCfg = Debug|Any CPU
		{AEE0ADC5-40F5-46EE-B1CF-3526E0D6B418}.Debug|Any CPU.Build.0 = Debug|Any CPU
		{AEE0ADC5-40F5-46EE-B1CF-3526E0D6B418}.Debug|Any CPU.Deploy.0 = Debug|Any CPU
		{AEE0ADC5-40F5-46EE-B1CF-3526E0D6B418}.Debug|iPhone.ActiveCfg = Debug|Any CPU
		{AEE0ADC5-40F5-46EE-B1CF-3526E0D6B418}.Debug|iPhone.Build.0 = Debug|Any CPU
		{AEE0ADC5-40F5-46EE-B1CF-3526E0D6B418}.Debug|iPhone.Deploy.0 = Debug|Any CPU
		{AEE0ADC5-40F5-46EE-B1CF-3526E0D6B418}.Debug|iPhoneSimulator.ActiveCfg = Debug|Any CPU
		{AEE0ADC5-40F5-46EE-B1CF-3526E0D6B418}.Debug|iPhoneSimulator.Build.0 = Debug|Any CPU
		{AEE0ADC5-40F5-46EE-B1CF-3526E0D6B418}.Debug|iPhoneSimulator.Deploy.0 = Debug|Any CPU
		{AEE0ADC5-40F5-46EE-B1CF-3526E0D6B418}.Release|Any CPU.ActiveCfg = Release|Any CPU
		{AEE0ADC5-40F5-46EE-B1CF-3526E0D6B418}.Release|Any CPU.Build.0 = Release|Any CPU
		{AEE0ADC5-40F5-46EE-B1CF-3526E0D6B418}.Release|Any CPU.Deploy.0 = Release|Any CPU
		{AEE0ADC5-40F5-46EE-B1CF-3526E0D6B418}.Release|iPhone.ActiveCfg = Release|Any CPU
		{AEE0ADC5-40F5-46EE-B1CF-3526E0D6B418}.Release|iPhone.Build.0 = Release|Any CPU
		{AEE0ADC5-40F5-46EE-B1CF-3526E0D6B418}.Release|iPhone.Deploy.0 = Release|Any CPU
		{AEE0ADC5-40F5-46EE-B1CF-3526E0D6B418}.Release|iPhoneSimulator.ActiveCfg = Release|Any CPU
		{AEE0ADC5-40F5-46EE-B1CF-3526E0D6B418}.Release|iPhoneSimulator.Build.0 = Release|Any CPU
		{AEE0ADC5-40F5-46EE-B1CF-3526E0D6B418}.Release|iPhoneSimulator.Deploy.0 = Release|Any CPU
		{545C5EC6-44DD-4BD1-A8B6-C0800C4F1AE8}.Ad-Hoc|Any CPU.ActiveCfg = Release|Any CPU
		{545C5EC6-44DD-4BD1-A8B6-C0800C4F1AE8}.Ad-Hoc|Any CPU.Build.0 = Release|Any CPU
		{545C5EC6-44DD-4BD1-A8B6-C0800C4F1AE8}.Ad-Hoc|iPhone.ActiveCfg = Release|Any CPU
		{545C5EC6-44DD-4BD1-A8B6-C0800C4F1AE8}.Ad-Hoc|iPhone.Build.0 = Release|Any CPU
		{545C5EC6-44DD-4BD1-A8B6-C0800C4F1AE8}.Ad-Hoc|iPhoneSimulator.ActiveCfg = Release|Any CPU
		{545C5EC6-44DD-4BD1-A8B6-C0800C4F1AE8}.Ad-Hoc|iPhoneSimulator.Build.0 = Release|Any CPU
		{545C5EC6-44DD-4BD1-A8B6-C0800C4F1AE8}.AppStore|Any CPU.ActiveCfg = Release|Any CPU
		{545C5EC6-44DD-4BD1-A8B6-C0800C4F1AE8}.AppStore|Any CPU.Build.0 = Release|Any CPU
		{545C5EC6-44DD-4BD1-A8B6-C0800C4F1AE8}.AppStore|iPhone.ActiveCfg = Release|Any CPU
		{545C5EC6-44DD-4BD1-A8B6-C0800C4F1AE8}.AppStore|iPhone.Build.0 = Release|Any CPU
		{545C5EC6-44DD-4BD1-A8B6-C0800C4F1AE8}.AppStore|iPhoneSimulator.ActiveCfg = Release|Any CPU
		{545C5EC6-44DD-4BD1-A8B6-C0800C4F1AE8}.AppStore|iPhoneSimulator.Build.0 = Release|Any CPU
		{545C5EC6-44DD-4BD1-A8B6-C0800C4F1AE8}.Debug|Any CPU.ActiveCfg = Debug|Any CPU
		{545C5EC6-44DD-4BD1-A8B6-C0800C4F1AE8}.Debug|Any CPU.Build.0 = Debug|Any CPU
		{545C5EC6-44DD-4BD1-A8B6-C0800C4F1AE8}.Debug|iPhone.ActiveCfg = Debug|Any CPU
		{545C5EC6-44DD-4BD1-A8B6-C0800C4F1AE8}.Debug|iPhone.Build.0 = Debug|Any CPU
		{545C5EC6-44DD-4BD1-A8B6-C0800C4F1AE8}.Debug|iPhoneSimulator.ActiveCfg = Debug|Any CPU
		{545C5EC6-44DD-4BD1-A8B6-C0800C4F1AE8}.Debug|iPhoneSimulator.Build.0 = Debug|Any CPU
		{545C5EC6-44DD-4BD1-A8B6-C0800C4F1AE8}.Release|Any CPU.ActiveCfg = Release|Any CPU
		{545C5EC6-44DD-4BD1-A8B6-C0800C4F1AE8}.Release|Any CPU.Build.0 = Release|Any CPU
		{545C5EC6-44DD-4BD1-A8B6-C0800C4F1AE8}.Release|iPhone.ActiveCfg = Release|Any CPU
		{545C5EC6-44DD-4BD1-A8B6-C0800C4F1AE8}.Release|iPhone.Build.0 = Release|Any CPU
		{545C5EC6-44DD-4BD1-A8B6-C0800C4F1AE8}.Release|iPhoneSimulator.ActiveCfg = Release|Any CPU
		{545C5EC6-44DD-4BD1-A8B6-C0800C4F1AE8}.Release|iPhoneSimulator.Build.0 = Release|Any CPU
		{B19C892E-2628-4CA7-AD27-08D406A3B14B}.Ad-Hoc|Any CPU.ActiveCfg = Release|Any CPU
		{B19C892E-2628-4CA7-AD27-08D406A3B14B}.Ad-Hoc|Any CPU.Build.0 = Release|Any CPU
		{B19C892E-2628-4CA7-AD27-08D406A3B14B}.Ad-Hoc|iPhone.ActiveCfg = Release|Any CPU
		{B19C892E-2628-4CA7-AD27-08D406A3B14B}.Ad-Hoc|iPhone.Build.0 = Release|Any CPU
		{B19C892E-2628-4CA7-AD27-08D406A3B14B}.Ad-Hoc|iPhoneSimulator.ActiveCfg = Release|Any CPU
		{B19C892E-2628-4CA7-AD27-08D406A3B14B}.Ad-Hoc|iPhoneSimulator.Build.0 = Release|Any CPU
		{B19C892E-2628-4CA7-AD27-08D406A3B14B}.AppStore|Any CPU.ActiveCfg = Release|Any CPU
		{B19C892E-2628-4CA7-AD27-08D406A3B14B}.AppStore|Any CPU.Build.0 = Release|Any CPU
		{B19C892E-2628-4CA7-AD27-08D406A3B14B}.AppStore|iPhone.ActiveCfg = Release|Any CPU
		{B19C892E-2628-4CA7-AD27-08D406A3B14B}.AppStore|iPhone.Build.0 = Release|Any CPU
		{B19C892E-2628-4CA7-AD27-08D406A3B14B}.AppStore|iPhoneSimulator.ActiveCfg = Release|Any CPU
		{B19C892E-2628-4CA7-AD27-08D406A3B14B}.AppStore|iPhoneSimulator.Build.0 = Release|Any CPU
		{B19C892E-2628-4CA7-AD27-08D406A3B14B}.Debug|Any CPU.ActiveCfg = Debug|Any CPU
		{B19C892E-2628-4CA7-AD27-08D406A3B14B}.Debug|Any CPU.Build.0 = Debug|Any CPU
		{B19C892E-2628-4CA7-AD27-08D406A3B14B}.Debug|iPhone.ActiveCfg = Debug|Any CPU
		{B19C892E-2628-4CA7-AD27-08D406A3B14B}.Debug|iPhone.Build.0 = Debug|Any CPU
		{B19C892E-2628-4CA7-AD27-08D406A3B14B}.Debug|iPhoneSimulator.ActiveCfg = Debug|Any CPU
		{B19C892E-2628-4CA7-AD27-08D406A3B14B}.Debug|iPhoneSimulator.Build.0 = Debug|Any CPU
		{B19C892E-2628-4CA7-AD27-08D406A3B14B}.Release|Any CPU.ActiveCfg = Release|Any CPU
		{B19C892E-2628-4CA7-AD27-08D406A3B14B}.Release|Any CPU.Build.0 = Release|Any CPU
		{B19C892E-2628-4CA7-AD27-08D406A3B14B}.Release|iPhone.ActiveCfg = Release|Any CPU
		{B19C892E-2628-4CA7-AD27-08D406A3B14B}.Release|iPhone.Build.0 = Release|Any CPU
		{B19C892E-2628-4CA7-AD27-08D406A3B14B}.Release|iPhoneSimulator.ActiveCfg = Release|Any CPU
		{B19C892E-2628-4CA7-AD27-08D406A3B14B}.Release|iPhoneSimulator.Build.0 = Release|Any CPU
	EndGlobalSection
	GlobalSection(SolutionProperties) = preSolution
		HideSolutionNode = FALSE
	EndGlobalSection
	GlobalSection(ExtensibilityGlobals) = postSolution
		SolutionGuid = {FFB03CB2-A4B4-4281-930F-9861C61D9377}
	EndGlobalSection
EndGlobal
